dependencies:
  espressif/dl_fft:
    component_hash: 7dadbd644c0d7ba4733cc3726ec4cff6edf27b043725e1115861dec1609a3d28
    dependencies:
    - name: idf
      require: private
      version: '>=5.0'
    source:
      registry_url: https://components.espressif.com
      type: service
    version: 0.3.1
  espressif/esp-dl:
    component_hash: 6622c0dc7e3d7a647b60371c6e5e339918526e1da48000ebd594bb2a3b6ef6d5
    dependencies:
    - name: espressif/dl_fft
      registry_url: https://components.espressif.com
      require: private
      version: '>=0.3.1'
    - name: espressif/esp-dsp
      registry_url: https://components.espressif.com
      require: private
      version: ==1.8.0
    - name: espressif/esp_new_jpeg
      registry_url: https://components.espressif.com
      require: private
      version: ^0.6.1
    - name: idf
      require: private
      version: '*'
    source:
      registry_url: https://components.espressif.com/
      type: service
    targets:
    - esp32
    - esp32c2
    - esp32c3
    - esp32c5
    - esp32c6
    - esp32p4
    - esp32s2
    - esp32s3
    version: 3.3.2
  espressif/esp-dsp:
    component_hash: 12e44db246517a627bc0fe2b255b8335410c0215c98bfba2df5a8e3edea839ef
    dependencies:
    - name: idf
      require: private
      version: '>=4.2'
    source:
      registry_url: https://components.espressif.com
      type: service
    version: 1.8.0
  espressif/esp_new_jpeg:
    component_hash: e6af208a875abd0ecfc0213d3751a11b504b463ebde6930f24096047925fa5c1
    dependencies: []
    source:
      registry_url: https://components.espressif.com
      type: service
    targets:
    - esp32
    - esp32s2
    - esp32s3
    - esp32p4
    - esp32c2
    - esp32c3
    - esp32c5
    - esp32c6
    version: 0.6.1
  espressif/mpu6050:
    component_hash: 3370b55e3c1337c0a80c8cd833bf48c0ba61cf9f7d226856ae88abb61eba1d67
    dependencies:
    - name: idf
      require: private
      version: '>=4.0'
    source:
      registry_url: https://components.espressif.com/
      type: service
    version: 1.2.1
  idf:
    source:
      type: idf
    version: 5.5.1
direct_dependencies:
- espressif/esp-dl
- espressif/mpu6050
- idf
manifest_hash: cde6bf853044b09ebb6f36a9bad202c254ed3271722745c5d18566777b7aeb7d
target: esp32p4
version: 2.0.0
